
Microsoft Visual Studio Solution File, Format Version 11.00
# Visual Studio 2010
Project("{FAE04EC0-301F-11D3-BF4B-00C04F79EFBC}") = "BugOff", "Assembly-CSharp-firstpass.csproj", "{4D0EC574-35A7-0F3C-DE42-98561F23B906}"
EndProject
Project("{FAE04EC0-301F-11D3-BF4B-00C04F79EFBC}") = "BugOff", "Assembly-CSharp.csproj", "{726DA0CE-55D3-F183-224B-FDD8949A2E8B}"
EndProject
Project("{FAE04EC0-301F-11D3-BF4B-00C04F79EFBC}") = "BugOff", "Assembly-CSharp-Editor-firstpass.csproj", "{2541F75C-1C87-9241-5C06-5987D7EA686A}"
EndProject
Global
	GlobalSection(SolutionConfigurationPlatforms) = preSolution
		Debug|Any CPU = Debug|Any CPU
		Release|Any CPU = Release|Any CPU
	EndGlobalSection
	GlobalSection(ProjectConfigurationPlatforms) = postSolution
		{4D0EC574-35A7-0F3C-DE42-98561F23B906}.Debug|Any CPU.ActiveCfg = Debug|Any CPU
		{4D0EC574-35A7-0F3C-DE42-98561F23B906}.Debug|Any CPU.Build.0 = Debug|Any CPU
		{4D0EC574-35A7-0F3C-DE42-98561F23B906}.Release|Any CPU.ActiveCfg = Release|Any CPU
		{4D0EC574-35A7-0F3C-DE42-98561F23B906}.Release|Any CPU.Build.0 = Release|Any CPU
		{726DA0CE-55D3-F183-224B-FDD8949A2E8B}.Debug|Any CPU.ActiveCfg = Debug|Any CPU
		{726DA0CE-55D3-F183-224B-FDD8949A2E8B}.Debug|Any CPU.Build.0 = Debug|Any CPU
		{726DA0CE-55D3-F183-224B-FDD8949A2E8B}.Release|Any CPU.ActiveCfg = Release|Any CPU
		{726DA0CE-55D3-F183-224B-FDD8949A2E8B}.Release|Any CPU.Build.0 = Release|Any CPU
		{2541F75C-1C87-9241-5C06-5987D7EA686A}.Debug|Any CPU.ActiveCfg = Debug|Any CPU
		{2541F75C-1C87-9241-5C06-5987D7EA686A}.Debug|Any CPU.Build.0 = Debug|Any CPU
		{2541F75C-1C87-9241-5C06-5987D7EA686A}.Release|Any CPU.ActiveCfg = Release|Any CPU
		{2541F75C-1C87-9241-5C06-5987D7EA686A}.Release|Any CPU.Build.0 = Release|Any CPU
	EndGlobalSection
	GlobalSection(SolutionProperties) = preSolution
		HideSolutionNode = FALSE
	EndGlobalSection
	GlobalSection(MonoDevelopProperties) = preSolution
		StartupItem = Assembly-CSharp.csproj
	EndGlobalSection
EndGlobal
